// !$*UTF8*$!
{
	archiveVersion = 1;
	classes = {
	};
	objectVersion = 50;
	objects = {

/* Begin PBXBuildFile section */
		ABC5265E265EA9DF00E25C80 /* AppDelegate.swift in Sources */ = {isa = PBXBuildFile; fileRef = ABC5265D265EA9DF00E25C80 /* AppDelegate.swift */; };
		ABC52660265EA9DF00E25C80 /* SceneDelegate.swift in Sources */ = {isa = PBXBuildFile; fileRef = ABC5265F265EA9DF00E25C80 /* SceneDelegate.swift */; };
		ABC52662265EA9DF00E25C80 /* ViewController.swift in Sources */ = {isa = PBXBuildFile; fileRef = ABC52661265EA9DF00E25C80 /* ViewController.swift */; };
		ABC52665265EA9DF00E25C80 /* Main.storyboard in Resources */ = {isa = PBXBuildFile; fileRef = ABC52663265EA9DF00E25C80 /* Main.storyboard */; };
		ABC52667265EA9E200E25C80 /* Assets.xcassets in Resources */ = {isa = PBXBuildFile; fileRef = ABC52666265EA9E200E25C80 /* Assets.xcassets */; };
		ABC5266A265EA9E200E25C80 /* LaunchScreen.storyboard in Resources */ = {isa = PBXBuildFile; fileRef = ABC52668265EA9E200E25C80 /* LaunchScreen.storyboard */; };
/* End PBXBuildFile section */

/* Begin PBXFileReference section */
		ABC5265A265EA9DF00E25C80 /* SwiftBookFourApp.app */ = {isa = PBXFileReference; explicitFileType = wrapper.application; includeInIndex = 0; path = SwiftBookFourApp.app; sourceTree = BUILT_PRODUCTS_DIR; };
		ABC5265D265EA9DF00E25C80 /* AppDelegate.swift */ = {isa = PBXFileReference; lastKnownFileType = sourcecode.swift; path = AppDelegate.swift; sourceTree = "<group>"; };
		ABC5265F265EA9DF00E25C80 /* SceneDelegate.swift */ = {isa = PBXFileReference; lastKnownFileType = sourcecode.swift; path = SceneDelegate.swift; sourceTree = "<group>"; };
		ABC52661265EA9DF00E25C80 /* ViewController.swift */ = {isa = PBXFileReference; lastKnownFileType = sourcecode.swift; path = ViewController.swift; sourceTree = "<group>"; };
		ABC52664265EA9DF00E25C80 /* Base */ = {isa = PBXFileReference; lastKnownFileType = file.storyboard; name = Base; path = Base.lproj/Main.storyboard; sourceTree = "<group>"; };
		ABC52666265EA9E200E25C80 /* Assets.xcassets */ = {isa = PBXFileReference; lastKnownFileType = folder.assetcatalog; path = Assets.xcassets; sourceTree = "<group>"; };
		ABC52669265EA9E200E25C80 /* Base */ = {isa = PBXFileReference; lastKnownFileType = file.storyboard; name = Base; path = Base.lproj/LaunchScreen.storyboard; sourceTree = "<group>"; };
		ABC5266B265EA9E200E25C80 /* Info.plist */ = {isa = PBXFileReference; lastKnownFileType = text.plist.xml; path = Info.plist; sourceTree = "<group>"; };
/* End PBXFileReference section */

/* Begin PBXFrameworksBuildPhase section */
		ABC52657265EA9DF00E25C80 /* Frameworks */ = {
			isa = PBXFrameworksBuildPhase;
			buildActionMask = 2147483647;
			files = (
			);
			runOnlyForDeploymentPostprocessing = 0;
		};
/* End PBXFrameworksBuildPhase section */

/* Begin PBXGroup section */
		ABC52651265EA9DE00E25C80 = {
			isa = PBXGroup;
			children = (
				ABC5265C265EA9DF00E25C80 /* SwiftBookFourApp */,
				ABC5265B265EA9DF00E25C80 /* Products */,
			);
			sourceTree = "<group>";
		};
		ABC5265B265EA9DF00E25C80 /* Products */ = {
			isa = PBXGroup;
			children = (
				ABC5265A265EA9DF00E25C80 /* SwiftBookFourApp.app */,
			);
			name = Products;
			sourceTree = "<group>";
		};
		ABC5265C265EA9DF00E25C80 /* SwiftBookFourApp */ = {
			isa = PBXGroup;
			children = (
				ABC5265D265EA9DF00E25C80 /* AppDelegate.swift */,
				ABC5265F265EA9DF00E25C80 /* SceneDelegate.swift */,
				ABC52661265EA9DF00E25C80 /* ViewController.swift */,
				ABC52663265EA9DF00E25C80 /* Main.storyboard */,
				ABC52666265EA9E200E25C80 /* Assets.xcassets */,
				ABC52668265EA9E200E25C80 /* LaunchScreen.storyboard */,
				ABC5266B265EA9E200E25C80 /* Info.plist */,
			);
			path = SwiftBookFourApp;
			sourceTree = "<group>";
		};
/* End PBXGroup section */

/* Begin PBXNativeTarget section */
		ABC52659265EA9DF00E25C80 /* SwiftBookFourApp */ = {
			isa = PBXNativeTarget;
			buildConfigurationList = ABC5266E265EA9E200E25C80 /* Build configuration list for PBXNativeTarget "SwiftBookFourApp" */;
			buildPhases = (
				ABC52656265EA9DF00E25C80 /* Sources */,
				ABC52657265EA9DF00E25C80 /* Frameworks */,
				ABC52658265EA9DF00E25C80 /* Resources */,
			);
			buildRules = (
			);
			dependencies = (
			);
			name = SwiftBookFourApp;
			productName = SwiftBookFourApp;
			productReference = ABC5265A265EA9DF00E25C80 /* SwiftBookFourApp.app */;
			productType = "com.apple.product-type.application";
		};
/* End PBXNativeTarget section */

/* Begin PBXProject section */
		ABC52652265EA9DE00E25C80 /* Project object */ = {
			isa = PBXProject;
			attributes = {
				LastSwiftUpdateCheck = 1220;
				LastUpgradeCheck = 1220;
				TargetAttributes = {
					ABC52659265EA9DF00E25C80 = {
						CreatedOnToolsVersion = 12.2;
					};
				};
			};
			buildConfigurationList = ABC52655265EA9DF00E25C80 /* Build configuration list for PBXProject "SwiftBookFourApp" */;
			compatibilityVersion = "Xcode 9.3";
			developmentRegion = en;
			hasScannedForEncodings = 0;
			knownRegions = (
				en,
				Base,
			);
			mainGroup = ABC52651265EA9DE00E25C80;
			productRefGroup = ABC5265B265EA9DF00E25C80 /* Products */;
			projectDirPath = "";
			projectRoot = "";
			targets = (
				ABC52659265EA9DF00E25C80 /* SwiftBookFourApp */,
			);
		};
/* End PBXProject section */

/* Begin PBXResourcesBuildPhase section */
		ABC52658265EA9DF00E25C80 /* Resources */ = {
			isa = PBXResourcesBuildPhase;
			buildActionMask = 2147483647;
			files = (
				ABC5266A265EA9E200E25C80 /* LaunchScreen.storyboard in Resources */,
				ABC52667265EA9E200E25C80 /* Assets.xcassets in Resources */,
				ABC52665265EA9DF00E25C80 /* Main.storyboard in Resources */,
			);
			runOnlyForDeploymentPostprocessing = 0;
		};
/* End PBXResourcesBuildPhase section */

/* Begin PBXSourcesBuildPhase section */
		ABC52656265EA9DF00E25C80 /* Sources */ = {
			isa = PBXSourcesBuildPhase;
			buildActionMask = 2147483647;
			files = (
				ABC52662265EA9DF00E25C80 /* ViewController.swift in Sources */,
				ABC5265E265EA9DF00E25C80 /* AppDelegate.swift in Sources */,
				ABC52660265EA9DF00E25C80 /* SceneDelegate.swift in Sources */,
			);
			runOnlyForDeploymentPostprocessing = 0;
		};
/* End PBXSourcesBuildPhase section */

/* Begin PBXVariantGroup section */
		ABC52663265EA9DF00E25C80 /* Main.storyboard */ = {
			isa = PBXVariantGroup;
			children = (
				ABC52664265EA9DF00E25C80 /* Base */,
			);
			name = Main.storyboard;
			sourceTree = "<group>";
		};
		ABC52668265EA9E200E25C80 /* LaunchScreen.storyboard */ = {
			isa = PBXVariantGroup;
			children = (
				ABC52669265EA9E200E25C80 /* Base */,
			);
			name = LaunchScreen.storyboard;
			sourceTree = "<group>";
		};
/* End PBXVariantGroup section */

/* Begin XCBuildConfiguration section */
		ABC5266C265EA9E200E25C80 /* Debug */ = {
			isa = XCBuildConfiguration;
			buildSettings = {
				ALWAYS_SEARCH_USER_PATHS = NO;
				CLANG_ANALYZER_NONNULL = YES;
				CLANG_ANALYZER_NUMBER_OBJECT_CONVERSION = YES_AGGRESSIVE;
				CLANG_CXX_LANGUAGE_STANDARD = "gnu++14";
				CLANG_CXX_LIBRARY = "libc++";
				CLANG_ENABLE_MODULES = YES;
				CLANG_ENABLE_OBJC_ARC = YES;
				CLANG_ENABLE_OBJC_WEAK = YES;
				CLANG_WARN_BLOCK_CAPTURE_AUTORELEASING = YES;
				CLANG_WARN_BOOL_CONVERSION = YES;
				CLANG_WARN_COMMA = YES;
				CLANG_WARN_CONSTANT_CONVERSION = YES;
				CLANG_WARN_DEPRECATED_OBJC_IMPLEMENTATIONS = YES;
				CLANG_WARN_DIRECT_OBJC_ISA_USAGE = YES_ERROR;
				CLANG_WARN_DOCUMENTATION_COMMENTS = YES;
				CLANG_WARN_EMPTY_BODY = YES;
				CLANG_WARN_ENUM_CONVERSION = YES;
				CLANG_WARN_INFINITE_RECURSION = YES;
				CLANG_WARN_INT_CONVERSION = YES;
				CLANG_WARN_NON_LITERAL_NULL_CONVERSION = YES;
				CLANG_WARN_OBJC_IMPLICIT_RETAIN_SELF = YES;
				CLANG_WARN_OBJC_LITERAL_CONVERSION = YES;
				CLANG_WARN_OBJC_ROOT_CLASS = YES_ERROR;
				CLANG_WARN_QUOTED_INCLUDE_IN_FRAMEWORK_HEADER = YES;
				CLANG_WARN_RANGE_LOOP_ANALYSIS = YES;
				CLANG_WARN_STRICT_PROTOTYPES = YES;
				CLANG_WARN_SUSPICIOUS_MOVE = YES;
				CLANG_WARN_UNGUARDED_AVAILABILITY = YES_AGGRESSIVE;
				CLANG_WARN_UNREACHABLE_CODE = YES;
				CLANG_WARN__DUPLICATE_METHOD_MATCH = YES;
				COPY_PHASE_STRIP = NO;
				DEBUG_INFORMATION_FORMAT = dwarf;
				ENABLE_STRICT_OBJC_MSGSEND = YES;
				ENABLE_TESTABILITY = YES;
				GCC_C_LANGUAGE_STANDARD = gnu11;
				GCC_DYNAMIC_NO_PIC = NO;
				GCC_NO_COMMON_BLOCKS = YES;
				GCC_OPTIMIZATION_LEVEL = 0;
				GCC_PREPROCESSOR_DEFINITIONS = (
					"DEBUG=1",
					"$(inherited)",
				);
				GCC_WARN_64_TO_32_BIT_CONVERSION = YES;
				GCC_WARN_ABOUT_RETURN_TYPE = YES_ERROR;
				GCC_WARN_UNDECLARED_SELECTOR = YES;
				GCC_WARN_UNINITIALIZED_AUTOS = YES_AGGRESSIVE;
				GCC_WARN_UNUSED_FUNCTION = YES;
				GCC_WARN_UNUSED_VARIABLE = YES;
				IPHONEOS_DEPLOYMENT_TARGET = 14.2;
				MTL_ENABLE_DEBUG_INFO = INCLUDE_SOURCE;
				MTL_FAST_MATH = YES;
				ONLY_ACTIVE_ARCH = YES;
				SDKROOT = iphoneos;
				SWIFT_ACTIVE_COMPILATION_CONDITIONS = DEBUG;
				SWIFT_OPTIMIZATION_LEVEL = "-Onone";
			};
			name = Debug;
		};
		ABC5266D265EA9E200E25C80 /* Release */ = {
			isa = XCBuildConfiguration;
			buildSettings = {
				ALWAYS_SEARCH_USER_PATHS = NO;
				CLANG_ANALYZER_NONNULL = YES;
				CLANG_ANALYZER_NUMBER_OBJECT_CONVERSION = YES_AGGRESSIVE;
				CLANG_CXX_LANGUAGE_STANDARD = "gnu++14";
				CLANG_CXX_LIBRARY = "libc++";
				CLANG_ENABLE_MODULES = YES;
				CLANG_ENABLE_OBJC_ARC = YES;
				CLANG_ENABLE_OBJC_WEAK = YES;
				CLANG_WARN_BLOCK_CAPTURE_AUTORELEASING = YES;
				CLANG_WARN_BOOL_CONVERSION = YES;
				CLANG_WARN_COMMA = YES;
				CLANG_WARN_CONSTANT_CONVERSION = YES;
				CLANG_WARN_DEPRECATED_OBJC_IMPLEMENTATIONS = YES;
				CLANG_WARN_DIRECT_OBJC_ISA_USAGE = YES_ERROR;
				CLANG_WARN_DOCUMENTATION_COMMENTS = YES;
				CLANG_WARN_EMPTY_BODY = YES;
				CLANG_WARN_ENUM_CONVERSION = YES;
				CLANG_WARN_INFINITE_RECURSION = YES;
				CLANG_WARN_INT_CONVERSION = YES;
				CLANG_WARN_NON_LITERAL_NULL_CONVERSION = YES;
				CLANG_WARN_OBJC_IMPLICIT_RETAIN_SELF = YES;
				CLANG_WARN_OBJC_LITERAL_CONVERSION = YES;
				CLANG_WARN_OBJC_ROOT_CLASS = YES_ERROR;
				CLANG_WARN_QUOTED_INCLUDE_IN_FRAMEWORK_HEADER = YES;
				CLANG_WARN_RANGE_LOOP_ANALYSIS = YES;
				CLANG_WARN_STRICT_PROTOTYPES = YES;
				CLANG_WARN_SUSPICIOUS_MOVE = YES;
				CLANG_WARN_UNGUARDED_AVAILABILITY = YES_AGGRESSIVE;
				CLANG_WARN_UNREACHABLE_CODE = YES;
				CLANG_WARN__DUPLICATE_METHOD_MATCH = YES;
				COPY_PHASE_STRIP = NO;
				DEBUG_INFORMATION_FORMAT = "dwarf-with-dsym";
				ENABLE_NS_ASSERTIONS = NO;
				ENABLE_STRICT_OBJC_MSGSEND = YES;
				GCC_C_LANGUAGE_STANDARD = gnu11;
				GCC_NO_COMMON_BLOCKS = YES;
				GCC_WARN_64_TO_32_BIT_CONVERSION = YES;
				GCC_WARN_ABOUT_RETURN_TYPE = YES_ERROR;
				GCC_WARN_UNDECLARED_SELECTOR = YES;
				GCC_WARN_UNINITIALIZED_AUTOS = YES_AGGRESSIVE;
				GCC_WARN_UNUSED_FUNCTION = YES;
				GCC_WARN_UNUSED_VARIABLE = YES;
				IPHONEOS_DEPLOYMENT_TARGET = 14.2;
				MTL_ENABLE_DEBUG_INFO = NO;
				MTL_FAST_MATH = YES;
				SDKROOT = iphoneos;
				SWIFT_COMPILATION_MODE = wholemodule;
				SWIFT_OPTIMIZATION_LEVEL = "-O";
				VALIDATE_PRODUCT = YES;
			};
			name = Release;
		};
		ABC5266F265EA9E200E25C80 /* Debug */ = {
			isa = XCBuildConfiguration;
			buildSettings = {
				ASSETCATALOG_COMPILER_APPICON_NAME = AppIcon;
				ASSETCATALOG_COMPILER_GLOBAL_ACCENT_COLOR_NAME = AccentColor;
				CODE_SIGN_STYLE = Automatic;
				DEVELOPMENT_TEAM = 9MWDV973XT;
				INFOPLIST_FILE = SwiftBookFourApp/Info.plist;
				LD_RUNPATH_SEARCH_PATHS = (
					"$(inherited)",
					"@executable_path/Frameworks",
				);
				PRODUCT_BUNDLE_IDENTIFIER = ru.switbook.SwiftBookFourApp;
				PRODUCT_NAME = "$(TARGET_NAME)";
				SWIFT_VERSION = 5.0;
				TARGETED_DEVICE_FAMILY = "1,2";
			};
			name = Debug;
		};
		ABC52670265EA9E200E25C80 /* Release */ = {
			isa = XCBuildConfiguration;
			buildSettings = {
				ASSETCATALOG_COMPILER_APPICON_NAME = AppIcon;
				ASSETCATALOG_COMPILER_GLOBAL_ACCENT_COLOR_NAME = AccentColor;
				CODE_SIGN_STYLE = Automatic;
				DEVELOPMENT_TEAM = 9MWDV973XT;
				INFOPLIST_FILE = SwiftBookFourApp/Info.plist;
				LD_RUNPATH_SEARCH_PATHS = (
					"$(inherited)",
					"@executable_path/Frameworks",
				);
				PRODUCT_BUNDLE_IDENTIFIER = ru.switbook.SwiftBookFourApp;
				PRODUCT_NAME = "$(TARGET_NAME)";
				SWIFT_VERSION = 5.0;
				TARGETED_DEVICE_FAMILY = "1,2";
			};
			name = Release;
		};
/* End XCBuildConfiguration section */

/* Begin XCConfigurationList section */
		ABC52655265EA9DF00E25C80 /* Build configuration list for PBXProject "SwiftBookFourApp" */ = {
			isa = XCConfigurationList;
			buildConfigurations = (
				ABC5266C265EA9E200E25C80 /* Debug */,
				ABC5266D265EA9E200E25C80 /* Release */,
			);
			defaultConfigurationIsVisible = 0;
			defaultConfigurationName = Release;
		};
		ABC5266E265EA9E200E25C80 /* Build configuration list for PBXNativeTarget "SwiftBookFourApp" */ = {
			isa = XCConfigurationList;
			buildConfigurations = (
				ABC5266F265EA9E200E25C80 /* Debug */,
				ABC52670265EA9E200E25C80 /* Release */,
			);
			defaultConfigurationIsVisible = 0;
			defaultConfigurationName = Release;
		};
/* End XCConfigurationList section */
	};
	rootObject = ABC52652265EA9DE00E25C80 /* Project object */;
}
